# This file is automatically @generated by Cargo.
# It is not intended for manual editing.
version = 3

[[package]]
name = "aero"
version = "0.1.0"
dependencies = [
 "bit_field 0.10.1",
 "bitflags",
 "bootloader",
 "goblin",
 "lazy_static",
 "spin 0.9.0",
 "volatile",
 "x86_64",
]

[[package]]
name = "bit_field"
version = "0.9.0"
source = "registry+https://github.com/rust-lang/crates.io-index"
checksum = "ed8765909f9009617974ab6b7d332625b320b33c326b1e9321382ef1999b5d56"

[[package]]
name = "bit_field"
version = "0.10.1"
source = "registry+https://github.com/rust-lang/crates.io-index"
checksum = "dcb6dd1c2376d2e096796e234a70e17e94cc2d5d54ff8ce42b28cef1d0d359a4"

[[package]]
name = "bitflags"
version = "1.2.1"
source = "registry+https://github.com/rust-lang/crates.io-index"
checksum = "cf1de2fe8c75bc145a2f577add951f8134889b4795d47466a54a5c846d691693"

[[package]]
name = "bootloader"
version = "0.9.16"
source = "registry+https://github.com/rust-lang/crates.io-index"
checksum = "8cb1dc91ba8f16c89133c569bc2516833a632a654d61d228b16ae8d2bad5ed8a"

[[package]]
name = "goblin"
version = "0.3.4"
source = "registry+https://github.com/rust-lang/crates.io-index"
checksum = "669cdc3826f69a51d3f8fc3f86de81c2378110254f678b8407977736122057a4"
dependencies = [
 "plain",
 "scroll",
]

[[package]]
name = "lazy_static"
version = "1.4.0"
source = "registry+https://github.com/rust-lang/crates.io-index"
checksum = "e2abad23fbc42b3700f2f279844dc832adb2b2eb069b2df918f455c4e18cc646"
dependencies = [
 "spin 0.5.2",
]

[[package]]
name = "lock_api"
version = "0.4.2"
source = "registry+https://github.com/rust-lang/crates.io-index"
checksum = "dd96ffd135b2fd7b973ac026d28085defbe8983df057ced3eb4f2130b0831312"
dependencies = [
 "scopeguard",
]

[[package]]
name = "plain"
version = "0.2.3"
source = "registry+https://github.com/rust-lang/crates.io-index"
checksum = "b4596b6d070b27117e987119b4dac604f3c58cfb0b191112e24771b2faeac1a6"

[[package]]
name = "scopeguard"
version = "1.1.0"
source = "registry+https://github.com/rust-lang/crates.io-index"
checksum = "d29ab0c6d3fc0ee92fe66e2d99f700eab17a8d57d1c1d3b748380fb20baa78cd"

[[package]]
name = "scroll"
version = "0.10.2"
source = "registry+https://github.com/rust-lang/crates.io-index"
checksum = "fda28d4b4830b807a8b43f7b0e6b5df875311b3e7621d84577188c175b6ec1ec"

[[package]]
name = "spin"
version = "0.5.2"
source = "registry+https://github.com/rust-lang/crates.io-index"
checksum = "6e63cff320ae2c57904679ba7cb63280a3dc4613885beafb148ee7bf9aa9042d"

[[package]]
name = "spin"
version = "0.9.0"
source = "registry+https://github.com/rust-lang/crates.io-index"
checksum = "b87bbf98cb81332a56c1ee8929845836f85e8ddd693157c30d76660196014478"
dependencies = [
 "lock_api",
]

[[package]]
name = "volatile"
version = "0.2.7"
source = "registry+https://github.com/rust-lang/crates.io-index"
checksum = "f6b06ad3ed06fef1713569d547cdbdb439eafed76341820fb0e0344f29a41945"

[[package]]
name = "x86_64"
version = "0.13.3"
source = "registry+https://github.com/rust-lang/crates.io-index"
checksum = "8d9164ba09d4a6744b87c540d02556722080bd7689e92b6ff008b803b1460647"
dependencies = [
 "bit_field 0.9.0",
 "bitflags",
]
