# This file is automatically @generated by Cargo.
# It is not intended for manual editing.
version = 3

[[package]]
name = "aero_kernel"
version = "0.1.0"
dependencies = [
 "aero_syscall",
 "bit_field 0.10.1",
 "bitflags",
 "cfg-if",
 "font8x8",
 "hashbrown 0.11.2",
 "intrusive-collections",
 "lazy_static",
 "linked_list_allocator",
 "log",
 "lru",
 "nasm-rs",
 "paste",
 "raw-cpuid",
 "rustc-demangle",
 "spin 0.9.1",
 "stivale-boot",
 "x86_64",
 "xmas-elf",
 "xshell",
]

[[package]]
name = "aero_syscall"
version = "0.1.0"
dependencies = [
 "bitflags",
 "cfg-if",
 "raw-cpuid",
 "spin 0.9.1",
]

[[package]]
name = "ahash"
version = "0.4.7"
source = "registry+https://github.com/rust-lang/crates.io-index"
checksum = "739f4a8db6605981345c5654f3a85b056ce52f37a39d34da03f25bf2151ea16e"

[[package]]
name = "ahash"
version = "0.7.4"
source = "registry+https://github.com/rust-lang/crates.io-index"
checksum = "43bb833f0bf979d8475d38fbf09ed3b8a55e1885fe93ad3f93239fc6a4f17b98"
dependencies = [
 "getrandom",
 "once_cell",
 "version_check",
]

[[package]]
name = "arrayvec"
version = "0.5.2"
source = "registry+https://github.com/rust-lang/crates.io-index"
checksum = "23b62fc65de8e4e7f52534fb52b0f3ed04746ae267519eef2a83941e8085068b"

[[package]]
name = "autocfg"
version = "1.0.1"
source = "registry+https://github.com/rust-lang/crates.io-index"
checksum = "cdb031dd78e28731d87d56cc8ffef4a8f36ca26c38fe2de700543e627f8a464a"

[[package]]
name = "bit_field"
version = "0.9.0"
source = "registry+https://github.com/rust-lang/crates.io-index"
checksum = "ed8765909f9009617974ab6b7d332625b320b33c326b1e9321382ef1999b5d56"

[[package]]
name = "bit_field"
version = "0.10.1"
source = "registry+https://github.com/rust-lang/crates.io-index"
checksum = "dcb6dd1c2376d2e096796e234a70e17e94cc2d5d54ff8ce42b28cef1d0d359a4"

[[package]]
name = "bitflags"
version = "1.2.1"
source = "registry+https://github.com/rust-lang/crates.io-index"
checksum = "cf1de2fe8c75bc145a2f577add951f8134889b4795d47466a54a5c846d691693"

[[package]]
name = "cfg-if"
version = "1.0.0"
source = "registry+https://github.com/rust-lang/crates.io-index"
checksum = "baf1de4339761588bc0619e3cbc0120ee582ebb74b53b4efbf79117bd2da40fd"

[[package]]
name = "crossbeam-channel"
version = "0.5.1"
source = "registry+https://github.com/rust-lang/crates.io-index"
checksum = "06ed27e177f16d65f0f0c22a213e17c696ace5dd64b14258b52f9417ccb52db4"
dependencies = [
 "cfg-if",
 "crossbeam-utils",
]

[[package]]
name = "crossbeam-deque"
version = "0.8.0"
source = "registry+https://github.com/rust-lang/crates.io-index"
checksum = "94af6efb46fef72616855b036a624cf27ba656ffc9be1b9a3c931cfc7749a9a9"
dependencies = [
 "cfg-if",
 "crossbeam-epoch",
 "crossbeam-utils",
]

[[package]]
name = "crossbeam-epoch"
version = "0.9.5"
source = "registry+https://github.com/rust-lang/crates.io-index"
checksum = "4ec02e091aa634e2c3ada4a392989e7c3116673ef0ac5b72232439094d73b7fd"
dependencies = [
 "cfg-if",
 "crossbeam-utils",
 "lazy_static",
 "memoffset 0.6.4",
 "scopeguard",
]

[[package]]
name = "crossbeam-utils"
version = "0.8.5"
source = "registry+https://github.com/rust-lang/crates.io-index"
checksum = "d82cfc11ce7f2c3faef78d8a684447b40d503d9681acebed6cb728d45940c4db"
dependencies = [
 "cfg-if",
 "lazy_static",
]

[[package]]
name = "either"
version = "1.6.1"
source = "registry+https://github.com/rust-lang/crates.io-index"
checksum = "e78d4f1cc4ae33bbfc157ed5d5a5ef3bc29227303d595861deb238fcec4e9457"

[[package]]
name = "font8x8"
version = "0.3.1"
source = "registry+https://github.com/rust-lang/crates.io-index"
checksum = "875488b8711a968268c7cf5d139578713097ca4635a76044e8fe8eedf831d07e"

[[package]]
name = "getrandom"
version = "0.2.3"
source = "registry+https://github.com/rust-lang/crates.io-index"
checksum = "7fcd999463524c52659517fe2cea98493cfe485d10565e7b0fb07dbba7ad2753"
dependencies = [
 "cfg-if",
 "libc",
 "wasi",
]

[[package]]
name = "hashbrown"
version = "0.9.1"
source = "registry+https://github.com/rust-lang/crates.io-index"
checksum = "d7afe4a420e3fe79967a00898cc1f4db7c8a49a9333a29f8a4bd76a253d5cd04"
dependencies = [
 "ahash 0.4.7",
]

[[package]]
name = "hashbrown"
version = "0.11.2"
source = "registry+https://github.com/rust-lang/crates.io-index"
checksum = "ab5ef0d4909ef3724cc8cce6ccc8572c5c817592e9285f5464f8e86f8bd3726e"
dependencies = [
 "ahash 0.7.4",
]

[[package]]
name = "hermit-abi"
version = "0.1.19"
source = "registry+https://github.com/rust-lang/crates.io-index"
checksum = "62b467343b94ba476dcb2500d242dadbb39557df889310ac77c5d99100aaac33"
dependencies = [
 "libc",
]

[[package]]
name = "intrusive-collections"
version = "0.9.1"
source = "registry+https://github.com/rust-lang/crates.io-index"
checksum = "3c1d0072a5e5c56adba35b9001f029ccc46f0e9ad0c7bcecd9b2f33b37123bca"
dependencies = [
 "memoffset 0.5.6",
]

[[package]]
name = "lazy_static"
version = "1.4.0"
source = "registry+https://github.com/rust-lang/crates.io-index"
checksum = "e2abad23fbc42b3700f2f279844dc832adb2b2eb069b2df918f455c4e18cc646"
dependencies = [
 "spin 0.5.2",
]

[[package]]
name = "libc"
version = "0.2.97"
source = "registry+https://github.com/rust-lang/crates.io-index"
checksum = "12b8adadd720df158f4d70dfe7ccc6adb0472d7c55ca83445f6a5ab3e36f8fb6"

[[package]]
name = "linked_list_allocator"
version = "0.9.0"
source = "registry+https://github.com/rust-lang/crates.io-index"
checksum = "d0b725207570aa16096962d0b20c79f8a543df2280bd3c903022b9b0b4d7ea68"
dependencies = [
 "spinning_top",
]

[[package]]
name = "lock_api"
version = "0.4.4"
source = "registry+https://github.com/rust-lang/crates.io-index"
checksum = "0382880606dff6d15c9476c416d18690b72742aa7b605bb6dd6ec9030fbf07eb"
dependencies = [
 "scopeguard",
]

[[package]]
name = "log"
version = "0.4.14"
source = "registry+https://github.com/rust-lang/crates.io-index"
checksum = "51b9bbe6c47d51fc3e1a9b945965946b4c44142ab8792c50835a980d362c2710"
dependencies = [
 "cfg-if",
]

[[package]]
name = "lru"
version = "0.6.5"
source = "registry+https://github.com/rust-lang/crates.io-index"
checksum = "1f374d42cdfc1d7dbf3d3dec28afab2eb97ffbf43a3234d795b5986dbf4b90ba"
dependencies = [
 "hashbrown 0.9.1",
]

[[package]]
name = "memoffset"
version = "0.5.6"
source = "registry+https://github.com/rust-lang/crates.io-index"
checksum = "043175f069eda7b85febe4a74abbaeff828d9f8b448515d3151a14a3542811aa"
dependencies = [
 "autocfg",
]

[[package]]
name = "memoffset"
version = "0.6.4"
source = "registry+https://github.com/rust-lang/crates.io-index"
checksum = "59accc507f1338036a0477ef61afdae33cde60840f4dfe481319ce3ad116ddf9"
dependencies = [
 "autocfg",
]

[[package]]
name = "nasm-rs"
version = "0.2.0"
source = "registry+https://github.com/rust-lang/crates.io-index"
checksum = "a76f43faa0d13f9c89f72e1972446d558f003cfffb80eb16bb444231de1becd1"
dependencies = [
 "arrayvec",
 "rayon",
]

[[package]]
name = "num_cpus"
version = "1.13.0"
source = "registry+https://github.com/rust-lang/crates.io-index"
checksum = "05499f3756671c15885fee9034446956fff3f243d6077b91e5767df161f766b3"
dependencies = [
 "hermit-abi",
 "libc",
]

[[package]]
name = "once_cell"
version = "1.8.0"
source = "registry+https://github.com/rust-lang/crates.io-index"
checksum = "692fcb63b64b1758029e0a96ee63e049ce8c5948587f2f7208df04625e5f6b56"

[[package]]
name = "paste"
version = "1.0.5"
source = "registry+https://github.com/rust-lang/crates.io-index"
checksum = "acbf547ad0c65e31259204bd90935776d1c693cec2f4ff7abb7a1bbbd40dfe58"

[[package]]
name = "raw-cpuid"
version = "9.0.0"
source = "registry+https://github.com/rust-lang/crates.io-index"
checksum = "c27cb5785b85bd05d4eb171556c9a1a514552e26123aeae6bb7d811353148026"
dependencies = [
 "bitflags",
]

[[package]]
name = "rayon"
version = "1.5.1"
source = "registry+https://github.com/rust-lang/crates.io-index"
checksum = "c06aca804d41dbc8ba42dfd964f0d01334eceb64314b9ecf7c5fad5188a06d90"
dependencies = [
 "autocfg",
 "crossbeam-deque",
 "either",
 "rayon-core",
]

[[package]]
name = "rayon-core"
version = "1.9.1"
source = "registry+https://github.com/rust-lang/crates.io-index"
checksum = "d78120e2c850279833f1dd3582f730c4ab53ed95aeaaaa862a2a5c71b1656d8e"
dependencies = [
 "crossbeam-channel",
 "crossbeam-deque",
 "crossbeam-utils",
 "lazy_static",
 "num_cpus",
]

[[package]]
name = "rustc-demangle"
version = "0.1.20"
source = "registry+https://github.com/rust-lang/crates.io-index"
checksum = "dead70b0b5e03e9c814bcb6b01e03e68f7c57a80aa48c72ec92152ab3e818d49"

[[package]]
name = "scopeguard"
version = "1.1.0"
source = "registry+https://github.com/rust-lang/crates.io-index"
checksum = "d29ab0c6d3fc0ee92fe66e2d99f700eab17a8d57d1c1d3b748380fb20baa78cd"

[[package]]
name = "spin"
version = "0.5.2"
source = "registry+https://github.com/rust-lang/crates.io-index"
checksum = "6e63cff320ae2c57904679ba7cb63280a3dc4613885beafb148ee7bf9aa9042d"

[[package]]
name = "spin"
version = "0.9.1"
source = "registry+https://github.com/rust-lang/crates.io-index"
checksum = "f5fdd7196b4ae35a111c6dc97f9cc152ca3ea8ad744f7cb46a9f27b3ef8f2f54"
dependencies = [
 "lock_api",
]

[[package]]
name = "spinning_top"
version = "0.2.4"
source = "registry+https://github.com/rust-lang/crates.io-index"
checksum = "75adad84ee84b521fb2cca2d4fd0f1dab1d8d026bda3c5bea4ca63b5f9f9293c"
dependencies = [
 "lock_api",
]

[[package]]
name = "stivale-boot"
version = "0.2.1"
source = "registry+https://github.com/rust-lang/crates.io-index"
checksum = "f6338b6417a0e109faec315306ff0076bcfc5f239e099043c6ee734332a804d3"
dependencies = [
 "bitflags",
]

[[package]]
name = "version_check"
version = "0.9.3"
source = "registry+https://github.com/rust-lang/crates.io-index"
checksum = "5fecdca9a5291cc2b8dcf7dc02453fee791a280f3743cb0905f8822ae463b3fe"

[[package]]
name = "volatile"
version = "0.4.4"
source = "registry+https://github.com/rust-lang/crates.io-index"
checksum = "e4c2dbd44eb8b53973357e6e207e370f0c1059990df850aca1eca8947cf464f0"

[[package]]
name = "wasi"
version = "0.10.2+wasi-snapshot-preview1"
source = "registry+https://github.com/rust-lang/crates.io-index"
checksum = "fd6fbd9a79829dd1ad0cc20627bf1ed606756a7f77edff7b66b7064f9cb327c6"

[[package]]
name = "x86_64"
version = "0.14.3"
source = "registry+https://github.com/rust-lang/crates.io-index"
checksum = "b7c54a17492391c594753ce2a180142bec7ad2876543565c2a08aa11cddef251"
dependencies = [
 "bit_field 0.9.0",
 "bitflags",
 "volatile",
]

[[package]]
name = "xmas-elf"
version = "0.8.0"
source = "registry+https://github.com/rust-lang/crates.io-index"
checksum = "8d29b4d8e7beaceb4e77447ba941a7600d23d0319ab52da0461abea214832d5a"
dependencies = [
 "zero",
]

[[package]]
name = "xshell"
version = "0.1.14"
source = "registry+https://github.com/rust-lang/crates.io-index"
checksum = "c640362f1b150e186b76e88606e4b01a7b2f1d56cc50fcc184ddb683fb567c23"
dependencies = [
 "xshell-macros",
]

[[package]]
name = "xshell-macros"
version = "0.1.14"
source = "registry+https://github.com/rust-lang/crates.io-index"
checksum = "0607c095c96c1d8420ce4a018a0954fb15d73d5eb59b521a05a0f04cffc05059"

[[package]]
name = "zero"
version = "0.1.2"
source = "registry+https://github.com/rust-lang/crates.io-index"
checksum = "5f1bc8a6b2005884962297587045002d8cfb8dcec9db332f4ca216ddc5de82c5"
