# This file is automatically @generated by Cargo.
# It is not intended for manual editing.
version = 3

[[package]]
name = "aero_shell"
version = "0.1.0"
dependencies = [
 "aero_syscall",
]

[[package]]
name = "aero_syscall"
version = "0.1.0"
dependencies = [
 "bitflags",
]

[[package]]
name = "bitflags"
version = "1.2.1"
source = "registry+https://github.com/rust-lang/crates.io-index"
checksum = "cf1de2fe8c75bc145a2f577add951f8134889b4795d47466a54a5c846d691693"
